// !$*UTF8*$!
{
	archiveVersion = 1;
	classes = {
	};
	objectVersion = 51;
	objects = {

/* Begin PBXBuildFile section */
		26F7E58EE507F3CC4CFDB106 /* libPods-MVPUnitTesting.a in Frameworks */ = {isa = PBXBuildFile; fileRef = 17E81CD62B5FFE1826F61B01 /* libPods-MVPUnitTesting.a */; };
		B326FA6BC4C0D349D2E8A675 /* Pods_MVPUnitTestingTests.framework in Frameworks */ = {isa = PBXBuildFile; fileRef = C01596919897E2545737EDFD /* Pods_MVPUnitTestingTests.framework */; };
		D03B295F2474896A005E1944 /* BaseViewController.swift in Sources */ = {isa = PBXBuildFile; fileRef = D03B295E2474896A005E1944 /* BaseViewController.swift */; };
		D03B29612474899B005E1944 /* BaseViewDelegate.swift in Sources */ = {isa = PBXBuildFile; fileRef = D03B29602474899B005E1944 /* BaseViewDelegate.swift */; };
		D03B296B2474A06F005E1944 /* UserRepresentationTest.swift in Sources */ = {isa = PBXBuildFile; fileRef = D03B296A2474A06F005E1944 /* UserRepresentationTest.swift */; };
		D03B29702474A430005E1944 /* UserModelTest.swift in Sources */ = {isa = PBXBuildFile; fileRef = D03B296F2474A430005E1944 /* UserModelTest.swift */; };
		D03B29742474AA11005E1944 /* ListingPresenterTest.swift in Sources */ = {isa = PBXBuildFile; fileRef = D03B29732474AA11005E1944 /* ListingPresenterTest.swift */; };
		D03B29772474AA6E005E1944 /* ListingInstanceTest.swift in Sources */ = {isa = PBXBuildFile; fileRef = D03B29762474AA6E005E1944 /* ListingInstanceTest.swift */; };
		D03B29792474ABE4005E1944 /* BaseViewControllerMock.swift in Sources */ = {isa = PBXBuildFile; fileRef = D03B29782474ABE4005E1944 /* BaseViewControllerMock.swift */; };
		D03B297B2474BB46005E1944 /* ListingViewControllerMock.swift in Sources */ = {isa = PBXBuildFile; fileRef = D03B297A2474BB46005E1944 /* ListingViewControllerMock.swift */; };
		D03B297D2474BB76005E1944 /* UserRepositoryStub.swift in Sources */ = {isa = PBXBuildFile; fileRef = D03B297C2474BB76005E1944 /* UserRepositoryStub.swift */; };
		D03B297F2474BCAD005E1944 /* ListingUseCasesInstance.swift in Sources */ = {isa = PBXBuildFile; fileRef = D03B297E2474BCAD005E1944 /* ListingUseCasesInstance.swift */; };
		D03B29822474BCCF005E1944 /* ListingUseCase.swift in Sources */ = {isa = PBXBuildFile; fileRef = D03B29812474BCCF005E1944 /* ListingUseCase.swift */; };
		D03B29852474D0C0005E1944 /* UsersRepositoryImplementationTest.swift in Sources */ = {isa = PBXBuildFile; fileRef = D03B29842474D0C0005E1944 /* UsersRepositoryImplementationTest.swift */; };
		D03B29872474D148005E1944 /* UsersApiMock.swift in Sources */ = {isa = PBXBuildFile; fileRef = D03B29862474D148005E1944 /* UsersApiMock.swift */; };
		D03B298A2474D35A005E1944 /* UsersUseCasesInstance.swift in Sources */ = {isa = PBXBuildFile; fileRef = D03B29892474D35A005E1944 /* UsersUseCasesInstance.swift */; };
		D03B298C2474D369005E1944 /* UsersUseCase.swift in Sources */ = {isa = PBXBuildFile; fileRef = D03B298B2474D369005E1944 /* UsersUseCase.swift */; };
		D03B298E2474D923005E1944 /* ListingViewControllerTest.swift in Sources */ = {isa = PBXBuildFile; fileRef = D03B298D2474D923005E1944 /* ListingViewControllerTest.swift */; };
		D0900C7B246C8D7F00FC42E6 /* AppDelegate.swift in Sources */ = {isa = PBXBuildFile; fileRef = D0900C7A246C8D7F00FC42E6 /* AppDelegate.swift */; };
		D0900C84246C8D8400FC42E6 /* Assets.xcassets in Resources */ = {isa = PBXBuildFile; fileRef = D0900C83246C8D8400FC42E6 /* Assets.xcassets */; };
		D0900C87246C8D8400FC42E6 /* LaunchScreen.storyboard in Resources */ = {isa = PBXBuildFile; fileRef = D0900C85246C8D8400FC42E6 /* LaunchScreen.storyboard */; };
		D0900CA8246CAC6E00FC42E6 /* ListingInstance.swift in Sources */ = {isa = PBXBuildFile; fileRef = D0900CA7246CAC6E00FC42E6 /* ListingInstance.swift */; };
		D0900CAA246CAC8100FC42E6 /* ListingPresenter.swift in Sources */ = {isa = PBXBuildFile; fileRef = D0900CA9246CAC8100FC42E6 /* ListingPresenter.swift */; };
		D0900CAC246CAC9C00FC42E6 /* ListingViewController.swift in Sources */ = {isa = PBXBuildFile; fileRef = D0900CAB246CAC9C00FC42E6 /* ListingViewController.swift */; };
		D0900CB0246CADFE00FC42E6 /* ListingViewDelegate.swift in Sources */ = {isa = PBXBuildFile; fileRef = D0900CAF246CADFE00FC42E6 /* ListingViewDelegate.swift */; };
		D0900CB3246CCC0C00FC42E6 /* User.swift in Sources */ = {isa = PBXBuildFile; fileRef = D0900CB2246CCC0C00FC42E6 /* User.swift */; };
		D09EB01D247368D1009E5359 /* UsersApiProtocol.swift in Sources */ = {isa = PBXBuildFile; fileRef = D09EB01C247368D1009E5359 /* UsersApiProtocol.swift */; };
		D09EB020247369F2009E5359 /* UserRepresentation.swift in Sources */ = {isa = PBXBuildFile; fileRef = D09EB01F247369F2009E5359 /* UserRepresentation.swift */; };
		D09EB02324736F0C009E5359 /* ApiError.swift in Sources */ = {isa = PBXBuildFile; fileRef = D09EB02224736F0C009E5359 /* ApiError.swift */; };
		D09EB02524736F44009E5359 /* URLSessionUsersApi.swift in Sources */ = {isa = PBXBuildFile; fileRef = D09EB02424736F44009E5359 /* URLSessionUsersApi.swift */; };
		D09EB02824737BDC009E5359 /* InfrastructureInstance.swift in Sources */ = {isa = PBXBuildFile; fileRef = D09EB02724737BDC009E5359 /* InfrastructureInstance.swift */; };
		D09EB02A24738224009E5359 /* ResponseRepresentation.swift in Sources */ = {isa = PBXBuildFile; fileRef = D09EB02924738224009E5359 /* ResponseRepresentation.swift */; };
		D0C2C99B246D993C00EA0CE6 /* ListingViewController.xib in Resources */ = {isa = PBXBuildFile; fileRef = D0C2C99A246D993C00EA0CE6 /* ListingViewController.xib */; };
		D0C2C99E246DA34700EA0CE6 /* UserModel.swift in Sources */ = {isa = PBXBuildFile; fileRef = D0C2C99D246DA34700EA0CE6 /* UserModel.swift */; };
		D0C2C9A1246DAFCE00EA0CE6 /* UsersRepositoryProtocol.swift in Sources */ = {isa = PBXBuildFile; fileRef = D0C2C9A0246DAFCE00EA0CE6 /* UsersRepositoryProtocol.swift */; };
		D0C2C9A5246DB10900EA0CE6 /* UsersRepository.swift in Sources */ = {isa = PBXBuildFile; fileRef = D0C2C9A4246DB10900EA0CE6 /* UsersRepository.swift */; };
/* End PBXBuildFile section */

/* Begin PBXContainerItemProxy section */
		D0900C8E246C8D8400FC42E6 /* PBXContainerItemProxy */ = {
			isa = PBXContainerItemProxy;
			containerPortal = D0900C6F246C8D7F00FC42E6 /* Project object */;
			proxyType = 1;
			remoteGlobalIDString = D0900C76246C8D7F00FC42E6;
			remoteInfo = MVPUnitTesting;
		};
/* End PBXContainerItemProxy section */

/* Begin PBXFileReference section */
		0456023E6D9BC1B768D4D6C4 /* Pods-MVPUnitTestingTests.release.xcconfig */ = {isa = PBXFileReference; includeInIndex = 1; lastKnownFileType = text.xcconfig; name = "Pods-MVPUnitTestingTests.release.xcconfig"; path = "Target Support Files/Pods-MVPUnitTestingTests/Pods-MVPUnitTestingTests.release.xcconfig"; sourceTree = "<group>"; };
		17E81CD62B5FFE1826F61B01 /* libPods-MVPUnitTesting.a */ = {isa = PBXFileReference; explicitFileType = archive.ar; includeInIndex = 0; path = "libPods-MVPUnitTesting.a"; sourceTree = BUILT_PRODUCTS_DIR; };
		A1A15CB7A0F4DED84D82141D /* Pods-MVPUnitTesting.release.xcconfig */ = {isa = PBXFileReference; includeInIndex = 1; lastKnownFileType = text.xcconfig; name = "Pods-MVPUnitTesting.release.xcconfig"; path = "Target Support Files/Pods-MVPUnitTesting/Pods-MVPUnitTesting.release.xcconfig"; sourceTree = "<group>"; };
		B9BBB74606930B7F29246B33 /* Pods-MVPUnitTestingTests.debug.xcconfig */ = {isa = PBXFileReference; includeInIndex = 1; lastKnownFileType = text.xcconfig; name = "Pods-MVPUnitTestingTests.debug.xcconfig"; path = "Target Support Files/Pods-MVPUnitTestingTests/Pods-MVPUnitTestingTests.debug.xcconfig"; sourceTree = "<group>"; };
		C01596919897E2545737EDFD /* Pods_MVPUnitTestingTests.framework */ = {isa = PBXFileReference; explicitFileType = wrapper.framework; includeInIndex = 0; path = Pods_MVPUnitTestingTests.framework; sourceTree = BUILT_PRODUCTS_DIR; };
		C3E390134534342B8191F416 /* Pods-MVPUnitTesting.debug.xcconfig */ = {isa = PBXFileReference; includeInIndex = 1; lastKnownFileType = text.xcconfig; name = "Pods-MVPUnitTesting.debug.xcconfig"; path = "Target Support Files/Pods-MVPUnitTesting/Pods-MVPUnitTesting.debug.xcconfig"; sourceTree = "<group>"; };
		D03B295E2474896A005E1944 /* BaseViewController.swift */ = {isa = PBXFileReference; lastKnownFileType = sourcecode.swift; path = BaseViewController.swift; sourceTree = "<group>"; };
		D03B29602474899B005E1944 /* BaseViewDelegate.swift */ = {isa = PBXFileReference; lastKnownFileType = sourcecode.swift; path = BaseViewDelegate.swift; sourceTree = "<group>"; };
		D03B296A2474A06F005E1944 /* UserRepresentationTest.swift */ = {isa = PBXFileReference; lastKnownFileType = sourcecode.swift; path = UserRepresentationTest.swift; sourceTree = "<group>"; };
		D03B296F2474A430005E1944 /* UserModelTest.swift */ = {isa = PBXFileReference; lastKnownFileType = sourcecode.swift; path = UserModelTest.swift; sourceTree = "<group>"; };
		D03B29732474AA11005E1944 /* ListingPresenterTest.swift */ = {isa = PBXFileReference; lastKnownFileType = sourcecode.swift; path = ListingPresenterTest.swift; sourceTree = "<group>"; };
		D03B29762474AA6E005E1944 /* ListingInstanceTest.swift */ = {isa = PBXFileReference; lastKnownFileType = sourcecode.swift; path = ListingInstanceTest.swift; sourceTree = "<group>"; };
		D03B29782474ABE4005E1944 /* BaseViewControllerMock.swift */ = {isa = PBXFileReference; lastKnownFileType = sourcecode.swift; path = BaseViewControllerMock.swift; sourceTree = "<group>"; };
		D03B297A2474BB46005E1944 /* ListingViewControllerMock.swift */ = {isa = PBXFileReference; lastKnownFileType = sourcecode.swift; path = ListingViewControllerMock.swift; sourceTree = "<group>"; };
		D03B297C2474BB76005E1944 /* UserRepositoryStub.swift */ = {isa = PBXFileReference; lastKnownFileType = sourcecode.swift; path = UserRepositoryStub.swift; sourceTree = "<group>"; };
		D03B297E2474BCAD005E1944 /* ListingUseCasesInstance.swift */ = {isa = PBXFileReference; lastKnownFileType = sourcecode.swift; path = ListingUseCasesInstance.swift; sourceTree = "<group>"; };
		D03B29812474BCCF005E1944 /* ListingUseCase.swift */ = {isa = PBXFileReference; lastKnownFileType = sourcecode.swift; path = ListingUseCase.swift; sourceTree = "<group>"; };
		D03B29842474D0C0005E1944 /* UsersRepositoryImplementationTest.swift */ = {isa = PBXFileReference; lastKnownFileType = sourcecode.swift; path = UsersRepositoryImplementationTest.swift; sourceTree = "<group>"; };
		D03B29862474D148005E1944 /* UsersApiMock.swift */ = {isa = PBXFileReference; lastKnownFileType = sourcecode.swift; path = UsersApiMock.swift; sourceTree = "<group>"; };
		D03B29892474D35A005E1944 /* UsersUseCasesInstance.swift */ = {isa = PBXFileReference; lastKnownFileType = sourcecode.swift; path = UsersUseCasesInstance.swift; sourceTree = "<group>"; };
		D03B298B2474D369005E1944 /* UsersUseCase.swift */ = {isa = PBXFileReference; lastKnownFileType = sourcecode.swift; path = UsersUseCase.swift; sourceTree = "<group>"; };
		D03B298D2474D923005E1944 /* ListingViewControllerTest.swift */ = {isa = PBXFileReference; lastKnownFileType = sourcecode.swift; path = ListingViewControllerTest.swift; sourceTree = "<group>"; };
		D0900C77246C8D7F00FC42E6 /* MVPUnitTesting.app */ = {isa = PBXFileReference; explicitFileType = wrapper.application; includeInIndex = 0; path = MVPUnitTesting.app; sourceTree = BUILT_PRODUCTS_DIR; };
		D0900C7A246C8D7F00FC42E6 /* AppDelegate.swift */ = {isa = PBXFileReference; lastKnownFileType = sourcecode.swift; path = AppDelegate.swift; sourceTree = "<group>"; };
		D0900C83246C8D8400FC42E6 /* Assets.xcassets */ = {isa = PBXFileReference; lastKnownFileType = folder.assetcatalog; path = Assets.xcassets; sourceTree = "<group>"; };
		D0900C86246C8D8400FC42E6 /* Base */ = {isa = PBXFileReference; lastKnownFileType = file.storyboard; name = Base; path = Base.lproj/LaunchScreen.storyboard; sourceTree = "<group>"; };
		D0900C88246C8D8400FC42E6 /* Info.plist */ = {isa = PBXFileReference; lastKnownFileType = text.plist.xml; path = Info.plist; sourceTree = "<group>"; };
		D0900C8D246C8D8400FC42E6 /* MVPUnitTestingTests.xctest */ = {isa = PBXFileReference; explicitFileType = wrapper.cfbundle; includeInIndex = 0; path = MVPUnitTestingTests.xctest; sourceTree = BUILT_PRODUCTS_DIR; };
		D0900C93246C8D8400FC42E6 /* Info.plist */ = {isa = PBXFileReference; lastKnownFileType = text.plist.xml; path = Info.plist; sourceTree = "<group>"; };
		D0900CA7246CAC6E00FC42E6 /* ListingInstance.swift */ = {isa = PBXFileReference; lastKnownFileType = sourcecode.swift; path = ListingInstance.swift; sourceTree = "<group>"; };
		D0900CA9246CAC8100FC42E6 /* ListingPresenter.swift */ = {isa = PBXFileReference; lastKnownFileType = sourcecode.swift; path = ListingPresenter.swift; sourceTree = "<group>"; };
		D0900CAB246CAC9C00FC42E6 /* ListingViewController.swift */ = {isa = PBXFileReference; lastKnownFileType = sourcecode.swift; path = ListingViewController.swift; sourceTree = "<group>"; };
		D0900CAF246CADFE00FC42E6 /* ListingViewDelegate.swift */ = {isa = PBXFileReference; lastKnownFileType = sourcecode.swift; path = ListingViewDelegate.swift; sourceTree = "<group>"; };
		D0900CB2246CCC0C00FC42E6 /* User.swift */ = {isa = PBXFileReference; lastKnownFileType = sourcecode.swift; path = User.swift; sourceTree = "<group>"; };
		D09EB01C247368D1009E5359 /* UsersApiProtocol.swift */ = {isa = PBXFileReference; lastKnownFileType = sourcecode.swift; path = UsersApiProtocol.swift; sourceTree = "<group>"; };
		D09EB01F247369F2009E5359 /* UserRepresentation.swift */ = {isa = PBXFileReference; lastKnownFileType = sourcecode.swift; path = UserRepresentation.swift; sourceTree = "<group>"; };
		D09EB02224736F0C009E5359 /* ApiError.swift */ = {isa = PBXFileReference; lastKnownFileType = sourcecode.swift; path = ApiError.swift; sourceTree = "<group>"; };
		D09EB02424736F44009E5359 /* URLSessionUsersApi.swift */ = {isa = PBXFileReference; lastKnownFileType = sourcecode.swift; path = URLSessionUsersApi.swift; sourceTree = "<group>"; };
		D09EB02724737BDC009E5359 /* InfrastructureInstance.swift */ = {isa = PBXFileReference; lastKnownFileType = sourcecode.swift; path = InfrastructureInstance.swift; sourceTree = "<group>"; };
		D09EB02924738224009E5359 /* ResponseRepresentation.swift */ = {isa = PBXFileReference; lastKnownFileType = sourcecode.swift; path = ResponseRepresentation.swift; sourceTree = "<group>"; };
		D0C2C99A246D993C00EA0CE6 /* ListingViewController.xib */ = {isa = PBXFileReference; lastKnownFileType = file.xib; path = ListingViewController.xib; sourceTree = "<group>"; };
		D0C2C99D246DA34700EA0CE6 /* UserModel.swift */ = {isa = PBXFileReference; lastKnownFileType = sourcecode.swift; path = UserModel.swift; sourceTree = "<group>"; };
		D0C2C9A0246DAFCE00EA0CE6 /* UsersRepositoryProtocol.swift */ = {isa = PBXFileReference; lastKnownFileType = sourcecode.swift; path = UsersRepositoryProtocol.swift; sourceTree = "<group>"; };
		D0C2C9A4246DB10900EA0CE6 /* UsersRepository.swift */ = {isa = PBXFileReference; lastKnownFileType = sourcecode.swift; path = UsersRepository.swift; sourceTree = "<group>"; };
/* End PBXFileReference section */

/* Begin PBXFrameworksBuildPhase section */
		D0900C74246C8D7F00FC42E6 /* Frameworks */ = {
			isa = PBXFrameworksBuildPhase;
			buildActionMask = 2147483647;
			files = (
				26F7E58EE507F3CC4CFDB106 /* libPods-MVPUnitTesting.a in Frameworks */,
			);
			runOnlyForDeploymentPostprocessing = 0;
		};
		D0900C8A246C8D8400FC42E6 /* Frameworks */ = {
			isa = PBXFrameworksBuildPhase;
			buildActionMask = 2147483647;
			files = (
				B326FA6BC4C0D349D2E8A675 /* Pods_MVPUnitTestingTests.framework in Frameworks */,
			);
			runOnlyForDeploymentPostprocessing = 0;
		};
/* End PBXFrameworksBuildPhase section */

/* Begin PBXGroup section */
		16A5D9F2C000876A53B67F3F /* Pods */ = {
			isa = PBXGroup;
			children = (
				C3E390134534342B8191F416 /* Pods-MVPUnitTesting.debug.xcconfig */,
				A1A15CB7A0F4DED84D82141D /* Pods-MVPUnitTesting.release.xcconfig */,
				B9BBB74606930B7F29246B33 /* Pods-MVPUnitTestingTests.debug.xcconfig */,
				0456023E6D9BC1B768D4D6C4 /* Pods-MVPUnitTestingTests.release.xcconfig */,
			);
			path = Pods;
			sourceTree = "<group>";
		};
		5A7A405BC333E5D45961A067 /* Frameworks */ = {
			isa = PBXGroup;
			children = (
				17E81CD62B5FFE1826F61B01 /* libPods-MVPUnitTesting.a */,
				C01596919897E2545737EDFD /* Pods_MVPUnitTestingTests.framework */,
			);
			name = Frameworks;
			sourceTree = "<group>";
		};
		D03B295D2474894E005E1944 /* Commons */ = {
			isa = PBXGroup;
			children = (
				D03B295E2474896A005E1944 /* BaseViewController.swift */,
				D03B29602474899B005E1944 /* BaseViewDelegate.swift */,
			);
			path = Commons;
			sourceTree = "<group>";
		};
		D03B296624749BF0005E1944 /* Core */ = {
			isa = PBXGroup;
			children = (
				D03B29882474D2FC005E1944 /* UsersUseCase */,
				D03B29682474A046005E1944 /* Infrastructure */,
			);
			name = Core;
			sourceTree = "<group>";
		};
		D03B296724749BF8005E1944 /* Presentation */ = {
			isa = PBXGroup;
			children = (
				D03B29802474BCB1005E1944 /* ListingUseCase */,
				D03B296D2474A3DF005E1944 /* Commons */,
				D03B296C2474A3D7005E1944 /* ListingScreen */,
			);
			name = Presentation;
			sourceTree = "<group>";
		};
		D03B29682474A046005E1944 /* Infrastructure */ = {
			isa = PBXGroup;
			children = (
				D03B29832474D0A7005E1944 /* Repository */,
				D03B29692474A05B005E1944 /* Representation */,
			);
			name = Infrastructure;
			sourceTree = "<group>";
		};
		D03B29692474A05B005E1944 /* Representation */ = {
			isa = PBXGroup;
			children = (
				D03B296A2474A06F005E1944 /* UserRepresentationTest.swift */,
			);
			name = Representation;
			sourceTree = "<group>";
		};
		D03B296C2474A3D7005E1944 /* ListingScreen */ = {
			isa = PBXGroup;
			children = (
				D03B29752474AA43005E1944 /* Instance */,
				D03B29722474A9FF005E1944 /* Presenter */,
				D03B29712474A8B6005E1944 /* View */,
				D03B296E2474A402005E1944 /* Model */,
			);
			name = ListingScreen;
			sourceTree = "<group>";
		};
		D03B296D2474A3DF005E1944 /* Commons */ = {
			isa = PBXGroup;
			children = (
				D03B29782474ABE4005E1944 /* BaseViewControllerMock.swift */,
			);
			name = Commons;
			sourceTree = "<group>";
		};
		D03B296E2474A402005E1944 /* Model */ = {
			isa = PBXGroup;
			children = (
				D03B296F2474A430005E1944 /* UserModelTest.swift */,
			);
			name = Model;
			sourceTree = "<group>";
		};
		D03B29712474A8B6005E1944 /* View */ = {
			isa = PBXGroup;
			children = (
				D03B298D2474D923005E1944 /* ListingViewControllerTest.swift */,
			);
			name = View;
			sourceTree = "<group>";
		};
		D03B29722474A9FF005E1944 /* Presenter */ = {
			isa = PBXGroup;
			children = (
				D03B29732474AA11005E1944 /* ListingPresenterTest.swift */,
				D03B297A2474BB46005E1944 /* ListingViewControllerMock.swift */,
				D03B297C2474BB76005E1944 /* UserRepositoryStub.swift */,
			);
			name = Presenter;
			sourceTree = "<group>";
		};
		D03B29752474AA43005E1944 /* Instance */ = {
			isa = PBXGroup;
			children = (
				D03B29762474AA6E005E1944 /* ListingInstanceTest.swift */,
			);
			name = Instance;
			sourceTree = "<group>";
		};
		D03B29802474BCB1005E1944 /* ListingUseCase */ = {
			isa = PBXGroup;
			children = (
				D03B297E2474BCAD005E1944 /* ListingUseCasesInstance.swift */,
				D03B29812474BCCF005E1944 /* ListingUseCase.swift */,
			);
			name = ListingUseCase;
			sourceTree = "<group>";
		};
		D03B29832474D0A7005E1944 /* Repository */ = {
			isa = PBXGroup;
			children = (
				D03B29842474D0C0005E1944 /* UsersRepositoryImplementationTest.swift */,
				D03B29862474D148005E1944 /* UsersApiMock.swift */,
			);
			name = Repository;
			sourceTree = "<group>";
		};
		D03B29882474D2FC005E1944 /* UsersUseCase */ = {
			isa = PBXGroup;
			children = (
				D03B29892474D35A005E1944 /* UsersUseCasesInstance.swift */,
				D03B298B2474D369005E1944 /* UsersUseCase.swift */,
			);
			name = UsersUseCase;
			sourceTree = "<group>";
		};
		D0900C6E246C8D7F00FC42E6 = {
			isa = PBXGroup;
			children = (
				D0900C79246C8D7F00FC42E6 /* MVPUnitTesting */,
				D0900C90246C8D8400FC42E6 /* MVPUnitTestingTests */,
				D0900C78246C8D7F00FC42E6 /* Products */,
				16A5D9F2C000876A53B67F3F /* Pods */,
				5A7A405BC333E5D45961A067 /* Frameworks */,
			);
			sourceTree = "<group>";
		};
		D0900C78246C8D7F00FC42E6 /* Products */ = {
			isa = PBXGroup;
			children = (
				D0900C77246C8D7F00FC42E6 /* MVPUnitTesting.app */,
				D0900C8D246C8D8400FC42E6 /* MVPUnitTestingTests.xctest */,
			);
			name = Products;
			sourceTree = "<group>";
		};
		D0900C79246C8D7F00FC42E6 /* MVPUnitTesting */ = {
			isa = PBXGroup;
			children = (
				D0900C9D246CA9DF00FC42E6 /* Core */,
				D0900C9C246CA9D500FC42E6 /* Presentation */,
				D0900C7A246C8D7F00FC42E6 /* AppDelegate.swift */,
				D0900C83246C8D8400FC42E6 /* Assets.xcassets */,
				D0900C85246C8D8400FC42E6 /* LaunchScreen.storyboard */,
				D0900C88246C8D8400FC42E6 /* Info.plist */,
			);
			path = MVPUnitTesting;
			sourceTree = "<group>";
		};
		D0900C90246C8D8400FC42E6 /* MVPUnitTestingTests */ = {
			isa = PBXGroup;
			children = (
				D03B296724749BF8005E1944 /* Presentation */,
				D03B296624749BF0005E1944 /* Core */,
				D0900C93246C8D8400FC42E6 /* Info.plist */,
			);
			path = MVPUnitTestingTests;
			sourceTree = "<group>";
		};
		D0900C9C246CA9D500FC42E6 /* Presentation */ = {
			isa = PBXGroup;
			children = (
				D03B295D2474894E005E1944 /* Commons */,
				D0900C9E246CA9E400FC42E6 /* ListingScreen */,
			);
			path = Presentation;
			sourceTree = "<group>";
		};
		D0900C9D246CA9DF00FC42E6 /* Core */ = {
			isa = PBXGroup;
			children = (
				D0900CA2246CAA4C00FC42E6 /* Infrastructure */,
				D0900CA1246CAA4500FC42E6 /* Domain */,
			);
			path = Core;
			sourceTree = "<group>";
		};
		D0900C9E246CA9E400FC42E6 /* ListingScreen */ = {
			isa = PBXGroup;
			children = (
				D0C2C99C246DA33300EA0CE6 /* Model */,
				D0900CA6246CAC5400FC42E6 /* Instance */,
				D0900CA5246CAA6500FC42E6 /* Presenter */,
				D0900CA4246CAA5F00FC42E6 /* View */,
			);
			path = ListingScreen;
			sourceTree = "<group>";
		};
		D0900CA1246CAA4500FC42E6 /* Domain */ = {
			isa = PBXGroup;
			children = (
				D0C2C99F246DAFAB00EA0CE6 /* Repository */,
				D0900CB1246CCC0100FC42E6 /* Model */,
			);
			path = Domain;
			sourceTree = "<group>";
		};
		D0900CA2246CAA4C00FC42E6 /* Infrastructure */ = {
			isa = PBXGroup;
			children = (
				D09EB02624737BA2009E5359 /* Instance */,
				D09EB01E247369DE009E5359 /* Representation */,
				D0C2C9A3246DB0D800EA0CE6 /* Repository */,
				D0C2C9A2246DB0C600EA0CE6 /* Services */,
			);
			path = Infrastructure;
			sourceTree = "<group>";
		};
		D0900CA4246CAA5F00FC42E6 /* View */ = {
			isa = PBXGroup;
			children = (
				D0900CAB246CAC9C00FC42E6 /* ListingViewController.swift */,
				D0900CAF246CADFE00FC42E6 /* ListingViewDelegate.swift */,
				D0C2C99A246D993C00EA0CE6 /* ListingViewController.xib */,
			);
			path = View;
			sourceTree = "<group>";
		};
		D0900CA5246CAA6500FC42E6 /* Presenter */ = {
			isa = PBXGroup;
			children = (
				D0900CA9246CAC8100FC42E6 /* ListingPresenter.swift */,
			);
			path = Presenter;
			sourceTree = "<group>";
		};
		D0900CA6246CAC5400FC42E6 /* Instance */ = {
			isa = PBXGroup;
			children = (
				D0900CA7246CAC6E00FC42E6 /* ListingInstance.swift */,
			);
			path = Instance;
			sourceTree = "<group>";
		};
		D0900CB1246CCC0100FC42E6 /* Model */ = {
			isa = PBXGroup;
			children = (
				D0900CB2246CCC0C00FC42E6 /* User.swift */,
			);
			path = Model;
			sourceTree = "<group>";
		};
		D09EB01E247369DE009E5359 /* Representation */ = {
			isa = PBXGroup;
			children = (
				D09EB01F247369F2009E5359 /* UserRepresentation.swift */,
				D09EB02924738224009E5359 /* ResponseRepresentation.swift */,
			);
			path = Representation;
			sourceTree = "<group>";
		};
		D09EB02124736EFC009E5359 /* Api */ = {
			isa = PBXGroup;
			children = (
				D09EB01C247368D1009E5359 /* UsersApiProtocol.swift */,
				D09EB02224736F0C009E5359 /* ApiError.swift */,
				D09EB02424736F44009E5359 /* URLSessionUsersApi.swift */,
			);
			path = Api;
			sourceTree = "<group>";
		};
		D09EB02624737BA2009E5359 /* Instance */ = {
			isa = PBXGroup;
			children = (
				D09EB02724737BDC009E5359 /* InfrastructureInstance.swift */,
			);
			path = Instance;
			sourceTree = "<group>";
		};
		D0C2C99C246DA33300EA0CE6 /* Model */ = {
			isa = PBXGroup;
			children = (
				D0C2C99D246DA34700EA0CE6 /* UserModel.swift */,
			);
			path = Model;
			sourceTree = "<group>";
		};
		D0C2C99F246DAFAB00EA0CE6 /* Repository */ = {
			isa = PBXGroup;
			children = (
				D0C2C9A0246DAFCE00EA0CE6 /* UsersRepositoryProtocol.swift */,
			);
			path = Repository;
			sourceTree = "<group>";
		};
		D0C2C9A2246DB0C600EA0CE6 /* Services */ = {
			isa = PBXGroup;
			children = (
				D09EB02124736EFC009E5359 /* Api */,
			);
			path = Services;
			sourceTree = "<group>";
		};
		D0C2C9A3246DB0D800EA0CE6 /* Repository */ = {
			isa = PBXGroup;
			children = (
				D0C2C9A4246DB10900EA0CE6 /* UsersRepository.swift */,
			);
			path = Repository;
			sourceTree = "<group>";
		};
/* End PBXGroup section */

/* Begin PBXNativeTarget section */
		D0900C76246C8D7F00FC42E6 /* MVPUnitTesting */ = {
			isa = PBXNativeTarget;
			buildConfigurationList = D0900C96246C8D8400FC42E6 /* Build configuration list for PBXNativeTarget "MVPUnitTesting" */;
			buildPhases = (
				E3DE9DDD44B72CA1395B1339 /* [CP] Check Pods Manifest.lock */,
				D0900C73246C8D7F00FC42E6 /* Sources */,
				D0900C74246C8D7F00FC42E6 /* Frameworks */,
				D0900C75246C8D7F00FC42E6 /* Resources */,
			);
			buildRules = (
			);
			dependencies = (
			);
			name = MVPUnitTesting;
			productName = MVPUnitTesting;
			productReference = D0900C77246C8D7F00FC42E6 /* MVPUnitTesting.app */;
			productType = "com.apple.product-type.application";
		};
		D0900C8C246C8D8400FC42E6 /* MVPUnitTestingTests */ = {
			isa = PBXNativeTarget;
			buildConfigurationList = D0900C99246C8D8400FC42E6 /* Build configuration list for PBXNativeTarget "MVPUnitTestingTests" */;
			buildPhases = (
				846AFF2E9BD00E2F803A3CA8 /* [CP] Check Pods Manifest.lock */,
				D0900C89246C8D8400FC42E6 /* Sources */,
				D0900C8A246C8D8400FC42E6 /* Frameworks */,
				D0900C8B246C8D8400FC42E6 /* Resources */,
				E4126BA07196A1A79C56B23E /* [CP] Embed Pods Frameworks */,
			);
			buildRules = (
			);
			dependencies = (
				D0900C8F246C8D8400FC42E6 /* PBXTargetDependency */,
			);
			name = MVPUnitTestingTests;
			productName = MVPUnitTestingTests;
			productReference = D0900C8D246C8D8400FC42E6 /* MVPUnitTestingTests.xctest */;
			productType = "com.apple.product-type.bundle.unit-test";
		};
/* End PBXNativeTarget section */

/* Begin PBXProject section */
		D0900C6F246C8D7F00FC42E6 /* Project object */ = {
			isa = PBXProject;
			attributes = {
				LastSwiftUpdateCheck = 1110;
				LastUpgradeCheck = 1110;
				ORGANIZATIONNAME = "Jonatan Urquiza";
				TargetAttributes = {
					D0900C76246C8D7F00FC42E6 = {
						CreatedOnToolsVersion = 11.1;
					};
					D0900C8C246C8D8400FC42E6 = {
						CreatedOnToolsVersion = 11.1;
						TestTargetID = D0900C76246C8D7F00FC42E6;
					};
				};
			};
			buildConfigurationList = D0900C72246C8D7F00FC42E6 /* Build configuration list for PBXProject "MVPUnitTesting" */;
			compatibilityVersion = "Xcode 9.3";
			developmentRegion = en;
			hasScannedForEncodings = 0;
			knownRegions = (
				en,
				Base,
			);
			mainGroup = D0900C6E246C8D7F00FC42E6;
			productRefGroup = D0900C78246C8D7F00FC42E6 /* Products */;
			projectDirPath = "";
			projectRoot = "";
			targets = (
				D0900C76246C8D7F00FC42E6 /* MVPUnitTesting */,
				D0900C8C246C8D8400FC42E6 /* MVPUnitTestingTests */,
			);
		};
/* End PBXProject section */

/* Begin PBXResourcesBuildPhase section */
		D0900C75246C8D7F00FC42E6 /* Resources */ = {
			isa = PBXResourcesBuildPhase;
			buildActionMask = 2147483647;
			files = (
				D0900C87246C8D8400FC42E6 /* LaunchScreen.storyboard in Resources */,
				D0900C84246C8D8400FC42E6 /* Assets.xcassets in Resources */,
				D0C2C99B246D993C00EA0CE6 /* ListingViewController.xib in Resources */,
			);
			runOnlyForDeploymentPostprocessing = 0;
		};
		D0900C8B246C8D8400FC42E6 /* Resources */ = {
			isa = PBXResourcesBuildPhase;
			buildActionMask = 2147483647;
			files = (
			);
			runOnlyForDeploymentPostprocessing = 0;
		};
/* End PBXResourcesBuildPhase section */

/* Begin PBXShellScriptBuildPhase section */
		846AFF2E9BD00E2F803A3CA8 /* [CP] Check Pods Manifest.lock */ = {
			isa = PBXShellScriptBuildPhase;
			buildActionMask = 2147483647;
			files = (
			);
			inputFileListPaths = (
			);
			inputPaths = (
				"${PODS_PODFILE_DIR_PATH}/Podfile.lock",
				"${PODS_ROOT}/Manifest.lock",
			);
			name = "[CP] Check Pods Manifest.lock";
			outputFileListPaths = (
			);
			outputPaths = (
				"$(DERIVED_FILE_DIR)/Pods-MVPUnitTestingTests-checkManifestLockResult.txt",
			);
			runOnlyForDeploymentPostprocessing = 0;
			shellPath = /bin/sh;
			shellScript = "diff \"${PODS_PODFILE_DIR_PATH}/Podfile.lock\" \"${PODS_ROOT}/Manifest.lock\" > /dev/null\nif [ $? != 0 ] ; then\n    # print error to STDERR\n    echo \"error: The sandbox is not in sync with the Podfile.lock. Run 'pod install' or update your CocoaPods installation.\" >&2\n    exit 1\nfi\n# This output is used by Xcode 'outputs' to avoid re-running this script phase.\necho \"SUCCESS\" > \"${SCRIPT_OUTPUT_FILE_0}\"\n";
			showEnvVarsInLog = 0;
		};
		E3DE9DDD44B72CA1395B1339 /* [CP] Check Pods Manifest.lock */ = {
			isa = PBXShellScriptBuildPhase;
			buildActionMask = 2147483647;
			files = (
			);
			inputFileListPaths = (
			);
			inputPaths = (
				"${PODS_PODFILE_DIR_PATH}/Podfile.lock",
				"${PODS_ROOT}/Manifest.lock",
			);
			name = "[CP] Check Pods Manifest.lock";
			outputFileListPaths = (
			);
			outputPaths = (
				"$(DERIVED_FILE_DIR)/Pods-MVPUnitTesting-checkManifestLockResult.txt",
			);
			runOnlyForDeploymentPostprocessing = 0;
			shellPath = /bin/sh;
			shellScript = "diff \"${PODS_PODFILE_DIR_PATH}/Podfile.lock\" \"${PODS_ROOT}/Manifest.lock\" > /dev/null\nif [ $? != 0 ] ; then\n    # print error to STDERR\n    echo \"error: The sandbox is not in sync with the Podfile.lock. Run 'pod install' or update your CocoaPods installation.\" >&2\n    exit 1\nfi\n# This output is used by Xcode 'outputs' to avoid re-running this script phase.\necho \"SUCCESS\" > \"${SCRIPT_OUTPUT_FILE_0}\"\n";
			showEnvVarsInLog = 0;
		};
		E4126BA07196A1A79C56B23E /* [CP] Embed Pods Frameworks */ = {
			isa = PBXShellScriptBuildPhase;
			buildActionMask = 2147483647;
			files = (
			);
			inputFileListPaths = (
				"${PODS_ROOT}/Target Support Files/Pods-MVPUnitTestingTests/Pods-MVPUnitTestingTests-frameworks-${CONFIGURATION}-input-files.xcfilelist",
			);
			name = "[CP] Embed Pods Frameworks";
			outputFileListPaths = (
				"${PODS_ROOT}/Target Support Files/Pods-MVPUnitTestingTests/Pods-MVPUnitTestingTests-frameworks-${CONFIGURATION}-output-files.xcfilelist",
			);
			runOnlyForDeploymentPostprocessing = 0;
			shellPath = /bin/sh;
			shellScript = "\"${PODS_ROOT}/Target Support Files/Pods-MVPUnitTestingTests/Pods-MVPUnitTestingTests-frameworks.sh\"\n";
			showEnvVarsInLog = 0;
		};
/* End PBXShellScriptBuildPhase section */

/* Begin PBXSourcesBuildPhase section */
		D0900C73246C8D7F00FC42E6 /* Sources */ = {
			isa = PBXSourcesBuildPhase;
			buildActionMask = 2147483647;
			files = (
				D0900CAA246CAC8100FC42E6 /* ListingPresenter.swift in Sources */,
				D0C2C9A1246DAFCE00EA0CE6 /* UsersRepositoryProtocol.swift in Sources */,
				D0900CB0246CADFE00FC42E6 /* ListingViewDelegate.swift in Sources */,
				D09EB02824737BDC009E5359 /* InfrastructureInstance.swift in Sources */,
				D0C2C99E246DA34700EA0CE6 /* UserModel.swift in Sources */,
				D0900CA8246CAC6E00FC42E6 /* ListingInstance.swift in Sources */,
				D09EB02324736F0C009E5359 /* ApiError.swift in Sources */,
				D09EB01D247368D1009E5359 /* UsersApiProtocol.swift in Sources */,
				D09EB02524736F44009E5359 /* URLSessionUsersApi.swift in Sources */,
				D0C2C9A5246DB10900EA0CE6 /* UsersRepository.swift in Sources */,
				D0900C7B246C8D7F00FC42E6 /* AppDelegate.swift in Sources */,
				D09EB020247369F2009E5359 /* UserRepresentation.swift in Sources */,
				D09EB02A24738224009E5359 /* ResponseRepresentation.swift in Sources */,
				D03B295F2474896A005E1944 /* BaseViewController.swift in Sources */,
				D03B29612474899B005E1944 /* BaseViewDelegate.swift in Sources */,
				D0900CB3246CCC0C00FC42E6 /* User.swift in Sources */,
				D0900CAC246CAC9C00FC42E6 /* ListingViewController.swift in Sources */,
			);
			runOnlyForDeploymentPostprocessing = 0;
		};
		D0900C89246C8D8400FC42E6 /* Sources */ = {
			isa = PBXSourcesBuildPhase;
			buildActionMask = 2147483647;
			files = (
				D03B29792474ABE4005E1944 /* BaseViewControllerMock.swift in Sources */,
				D03B297D2474BB76005E1944 /* UserRepositoryStub.swift in Sources */,
				D03B29852474D0C0005E1944 /* UsersRepositoryImplementationTest.swift in Sources */,
				D03B29702474A430005E1944 /* UserModelTest.swift in Sources */,
				D03B29872474D148005E1944 /* UsersApiMock.swift in Sources */,
				D03B298E2474D923005E1944 /* ListingViewControllerTest.swift in Sources */,
				D03B298A2474D35A005E1944 /* UsersUseCasesInstance.swift in Sources */,
				D03B297F2474BCAD005E1944 /* ListingUseCasesInstance.swift in Sources */,
				D03B29822474BCCF005E1944 /* ListingUseCase.swift in Sources */,
				D03B296B2474A06F005E1944 /* UserRepresentationTest.swift in Sources */,
				D03B297B2474BB46005E1944 /* ListingViewControllerMock.swift in Sources */,
				D03B29772474AA6E005E1944 /* ListingInstanceTest.swift in Sources */,
				D03B29742474AA11005E1944 /* ListingPresenterTest.swift in Sources */,
				D03B298C2474D369005E1944 /* UsersUseCase.swift in Sources */,
			);
			runOnlyForDeploymentPostprocessing = 0;
		};
/* End PBXSourcesBuildPhase section */

/* Begin PBXTargetDependency section */
		D0900C8F246C8D8400FC42E6 /* PBXTargetDependency */ = {
			isa = PBXTargetDependency;
			target = D0900C76246C8D7F00FC42E6 /* MVPUnitTesting */;
			targetProxy = D0900C8E246C8D8400FC42E6 /* PBXContainerItemProxy */;
		};
/* End PBXTargetDependency section */

/* Begin PBXVariantGroup section */
		D0900C85246C8D8400FC42E6 /* LaunchScreen.storyboard */ = {
			isa = PBXVariantGroup;
			children = (
				D0900C86246C8D8400FC42E6 /* Base */,
			);
			name = LaunchScreen.storyboard;
			sourceTree = "<group>";
		};
/* End PBXVariantGroup section */

/* Begin XCBuildConfiguration section */
		D0900C94246C8D8400FC42E6 /* Debug */ = {
			isa = XCBuildConfiguration;
			buildSettings = {
				ALWAYS_EMBED_SWIFT_STANDARD_LIBRARIES = "$(inherited)";
				ALWAYS_SEARCH_USER_PATHS = NO;
				CLANG_ANALYZER_NONNULL = YES;
				CLANG_ANALYZER_NUMBER_OBJECT_CONVERSION = YES_AGGRESSIVE;
				CLANG_CXX_LANGUAGE_STANDARD = "gnu++14";
				CLANG_CXX_LIBRARY = "libc++";
				CLANG_ENABLE_MODULES = YES;
				CLANG_ENABLE_OBJC_ARC = YES;
				CLANG_ENABLE_OBJC_WEAK = YES;
				CLANG_WARN_BLOCK_CAPTURE_AUTORELEASING = YES;
				CLANG_WARN_BOOL_CONVERSION = YES;
				CLANG_WARN_COMMA = YES;
				CLANG_WARN_CONSTANT_CONVERSION = YES;
				CLANG_WARN_DEPRECATED_OBJC_IMPLEMENTATIONS = YES;
				CLANG_WARN_DIRECT_OBJC_ISA_USAGE = YES_ERROR;
				CLANG_WARN_DOCUMENTATION_COMMENTS = YES;
				CLANG_WARN_EMPTY_BODY = YES;
				CLANG_WARN_ENUM_CONVERSION = YES;
				CLANG_WARN_INFINITE_RECURSION = YES;
				CLANG_WARN_INT_CONVERSION = YES;
				CLANG_WARN_NON_LITERAL_NULL_CONVERSION = YES;
				CLANG_WARN_OBJC_IMPLICIT_RETAIN_SELF = YES;
				CLANG_WARN_OBJC_LITERAL_CONVERSION = YES;
				CLANG_WARN_OBJC_ROOT_CLASS = YES_ERROR;
				CLANG_WARN_RANGE_LOOP_ANALYSIS = YES;
				CLANG_WARN_STRICT_PROTOTYPES = YES;
				CLANG_WARN_SUSPICIOUS_MOVE = YES;
				CLANG_WARN_UNGUARDED_AVAILABILITY = YES_AGGRESSIVE;
				CLANG_WARN_UNREACHABLE_CODE = YES;
				CLANG_WARN__DUPLICATE_METHOD_MATCH = YES;
				COPY_PHASE_STRIP = NO;
				DEBUG_INFORMATION_FORMAT = dwarf;
				ENABLE_STRICT_OBJC_MSGSEND = YES;
				ENABLE_TESTABILITY = YES;
				GCC_C_LANGUAGE_STANDARD = gnu11;
				GCC_DYNAMIC_NO_PIC = NO;
				GCC_NO_COMMON_BLOCKS = YES;
				GCC_OPTIMIZATION_LEVEL = 0;
				GCC_PREPROCESSOR_DEFINITIONS = (
					"DEBUG=1",
					"$(inherited)",
				);
				GCC_WARN_64_TO_32_BIT_CONVERSION = YES;
				GCC_WARN_ABOUT_RETURN_TYPE = YES_ERROR;
				GCC_WARN_UNDECLARED_SELECTOR = YES;
				GCC_WARN_UNINITIALIZED_AUTOS = YES_AGGRESSIVE;
				GCC_WARN_UNUSED_FUNCTION = YES;
				GCC_WARN_UNUSED_VARIABLE = YES;
				IPHONEOS_DEPLOYMENT_TARGET = 11.0;
				MTL_ENABLE_DEBUG_INFO = INCLUDE_SOURCE;
				MTL_FAST_MATH = YES;
				ONLY_ACTIVE_ARCH = YES;
				SDKROOT = iphoneos;
				SWIFT_ACTIVE_COMPILATION_CONDITIONS = DEBUG;
				SWIFT_OPTIMIZATION_LEVEL = "-Onone";
			};
			name = Debug;
		};
		D0900C95246C8D8400FC42E6 /* Release */ = {
			isa = XCBuildConfiguration;
			buildSettings = {
				ALWAYS_EMBED_SWIFT_STANDARD_LIBRARIES = "$(inherited)";
				ALWAYS_SEARCH_USER_PATHS = NO;
				CLANG_ANALYZER_NONNULL = YES;
				CLANG_ANALYZER_NUMBER_OBJECT_CONVERSION = YES_AGGRESSIVE;
				CLANG_CXX_LANGUAGE_STANDARD = "gnu++14";
				CLANG_CXX_LIBRARY = "libc++";
				CLANG_ENABLE_MODULES = YES;
				CLANG_ENABLE_OBJC_ARC = YES;
				CLANG_ENABLE_OBJC_WEAK = YES;
				CLANG_WARN_BLOCK_CAPTURE_AUTORELEASING = YES;
				CLANG_WARN_BOOL_CONVERSION = YES;
				CLANG_WARN_COMMA = YES;
				CLANG_WARN_CONSTANT_CONVERSION = YES;
				CLANG_WARN_DEPRECATED_OBJC_IMPLEMENTATIONS = YES;
				CLANG_WARN_DIRECT_OBJC_ISA_USAGE = YES_ERROR;
				CLANG_WARN_DOCUMENTATION_COMMENTS = YES;
				CLANG_WARN_EMPTY_BODY = YES;
				CLANG_WARN_ENUM_CONVERSION = YES;
				CLANG_WARN_INFINITE_RECURSION = YES;
				CLANG_WARN_INT_CONVERSION = YES;
				CLANG_WARN_NON_LITERAL_NULL_CONVERSION = YES;
				CLANG_WARN_OBJC_IMPLICIT_RETAIN_SELF = YES;
				CLANG_WARN_OBJC_LITERAL_CONVERSION = YES;
				CLANG_WARN_OBJC_ROOT_CLASS = YES_ERROR;
				CLANG_WARN_RANGE_LOOP_ANALYSIS = YES;
				CLANG_WARN_STRICT_PROTOTYPES = YES;
				CLANG_WARN_SUSPICIOUS_MOVE = YES;
				CLANG_WARN_UNGUARDED_AVAILABILITY = YES_AGGRESSIVE;
				CLANG_WARN_UNREACHABLE_CODE = YES;
				CLANG_WARN__DUPLICATE_METHOD_MATCH = YES;
				COPY_PHASE_STRIP = NO;
				DEBUG_INFORMATION_FORMAT = "dwarf-with-dsym";
				ENABLE_NS_ASSERTIONS = NO;
				ENABLE_STRICT_OBJC_MSGSEND = YES;
				GCC_C_LANGUAGE_STANDARD = gnu11;
				GCC_NO_COMMON_BLOCKS = YES;
				GCC_WARN_64_TO_32_BIT_CONVERSION = YES;
				GCC_WARN_ABOUT_RETURN_TYPE = YES_ERROR;
				GCC_WARN_UNDECLARED_SELECTOR = YES;
				GCC_WARN_UNINITIALIZED_AUTOS = YES_AGGRESSIVE;
				GCC_WARN_UNUSED_FUNCTION = YES;
				GCC_WARN_UNUSED_VARIABLE = YES;
				IPHONEOS_DEPLOYMENT_TARGET = 11.0;
				MTL_ENABLE_DEBUG_INFO = NO;
				MTL_FAST_MATH = YES;
				SDKROOT = iphoneos;
				SWIFT_COMPILATION_MODE = wholemodule;
				SWIFT_OPTIMIZATION_LEVEL = "-O";
				VALIDATE_PRODUCT = YES;
			};
			name = Release;
		};
		D0900C97246C8D8400FC42E6 /* Debug */ = {
			isa = XCBuildConfiguration;
			baseConfigurationReference = C3E390134534342B8191F416 /* Pods-MVPUnitTesting.debug.xcconfig */;
			buildSettings = {
				ASSETCATALOG_COMPILER_APPICON_NAME = AppIcon;
				CODE_SIGN_STYLE = Automatic;
				INFOPLIST_FILE = MVPUnitTesting/Info.plist;
				LD_RUNPATH_SEARCH_PATHS = (
					"$(inherited)",
					"@executable_path/Frameworks",
				);
				PRODUCT_BUNDLE_IDENTIFIER = com.jonurq.MVPUnitTesting;
				PRODUCT_NAME = "$(TARGET_NAME)";
				SWIFT_VERSION = 5.0;
				TARGETED_DEVICE_FAMILY = "1,2";
			};
			name = Debug;
		};
		D0900C98246C8D8400FC42E6 /* Release */ = {
			isa = XCBuildConfiguration;
			baseConfigurationReference = A1A15CB7A0F4DED84D82141D /* Pods-MVPUnitTesting.release.xcconfig */;
			buildSettings = {
				ASSETCATALOG_COMPILER_APPICON_NAME = AppIcon;
				CODE_SIGN_STYLE = Automatic;
				INFOPLIST_FILE = MVPUnitTesting/Info.plist;
				LD_RUNPATH_SEARCH_PATHS = (
					"$(inherited)",
					"@executable_path/Frameworks",
				);
				PRODUCT_BUNDLE_IDENTIFIER = com.jonurq.MVPUnitTesting;
				PRODUCT_NAME = "$(TARGET_NAME)";
				SWIFT_VERSION = 5.0;
				TARGETED_DEVICE_FAMILY = "1,2";
			};
			name = Release;
		};
		D0900C9A246C8D8400FC42E6 /* Debug */ = {
			isa = XCBuildConfiguration;
			baseConfigurationReference = B9BBB74606930B7F29246B33 /* Pods-MVPUnitTestingTests.debug.xcconfig */;
			buildSettings = {
				ALWAYS_EMBED_SWIFT_STANDARD_LIBRARIES = "$(inherited)";
				BUNDLE_LOADER = "$(TEST_HOST)";
				CODE_SIGN_STYLE = Automatic;
				INFOPLIST_FILE = MVPUnitTestingTests/Info.plist;
				IPHONEOS_DEPLOYMENT_TARGET = 13.1;
				LD_RUNPATH_SEARCH_PATHS = (
					"$(inherited)",
					"@executable_path/Frameworks",
					"@loader_path/Frameworks",
				);
				PRODUCT_BUNDLE_IDENTIFIER = com.jonurq.MVPUnitTestingTests;
				PRODUCT_NAME = "$(TARGET_NAME)";
				SWIFT_VERSION = 5.0;
				TARGETED_DEVICE_FAMILY = "1,2";
				TEST_HOST = "$(BUILT_PRODUCTS_DIR)/MVPUnitTesting.app/MVPUnitTesting";
			};
			name = Debug;
		};
		D0900C9B246C8D8400FC42E6 /* Release */ = {
			isa = XCBuildConfiguration;
			baseConfigurationReference = 0456023E6D9BC1B768D4D6C4 /* Pods-MVPUnitTestingTests.release.xcconfig */;
			buildSettings = {
				ALWAYS_EMBED_SWIFT_STANDARD_LIBRARIES = "$(inherited)";
				BUNDLE_LOADER = "$(TEST_HOST)";
				CODE_SIGN_STYLE = Automatic;
				INFOPLIST_FILE = MVPUnitTestingTests/Info.plist;
				IPHONEOS_DEPLOYMENT_TARGET = 13.1;
				LD_RUNPATH_SEARCH_PATHS = (
					"$(inherited)",
					"@executable_path/Frameworks",
					"@loader_path/Frameworks",
				);
				PRODUCT_BUNDLE_IDENTIFIER = com.jonurq.MVPUnitTestingTests;
				PRODUCT_NAME = "$(TARGET_NAME)";
				SWIFT_VERSION = 5.0;
				TARGETED_DEVICE_FAMILY = "1,2";
				TEST_HOST = "$(BUILT_PRODUCTS_DIR)/MVPUnitTesting.app/MVPUnitTesting";
			};
			name = Release;
		};
/* End XCBuildConfiguration section */

/* Begin XCConfigurationList section */
		D0900C72246C8D7F00FC42E6 /* Build configuration list for PBXProject "MVPUnitTesting" */ = {
			isa = XCConfigurationList;
			buildConfigurations = (
				D0900C94246C8D8400FC42E6 /* Debug */,
				D0900C95246C8D8400FC42E6 /* Release */,
			);
			defaultConfigurationIsVisible = 0;
			defaultConfigurationName = Release;
		};
		D0900C96246C8D8400FC42E6 /* Build configuration list for PBXNativeTarget "MVPUnitTesting" */ = {
			isa = XCConfigurationList;
			buildConfigurations = (
				D0900C97246C8D8400FC42E6 /* Debug */,
				D0900C98246C8D8400FC42E6 /* Release */,
			);
			defaultConfigurationIsVisible = 0;
			defaultConfigurationName = Release;
		};
		D0900C99246C8D8400FC42E6 /* Build configuration list for PBXNativeTarget "MVPUnitTestingTests" */ = {
			isa = XCConfigurationList;
			buildConfigurations = (
				D0900C9A246C8D8400FC42E6 /* Debug */,
				D0900C9B246C8D8400FC42E6 /* Release */,
			);
			defaultConfigurationIsVisible = 0;
			defaultConfigurationName = Release;
		};
/* End XCConfigurationList section */
	};
	rootObject = D0900C6F246C8D7F00FC42E6 /* Project object */;
}
